
Microsoft Visual Studio Solution File, Format Version 12.00
# Visual Studio Version 17
VisualStudioVersion = 17.1.32228.430
MinimumVisualStudioVersion = 10.0.40219.1
Project("{FAE04EC0-301F-11D3-BF4B-00C04F79EFBC}") = "DateBaseGUI", "DateBaseGUI\DateBaseGUI.csproj", "{22BBFD35-7DFC-40CA-816D-4C448A9BB474}"
EndProject
Global
	GlobalSection(SolutionConfigurationPlatforms) = preSolution
		Debug|Any CPU = Debug|Any CPU
		Release|Any CPU = Release|Any CPU
	EndGlobalSection
	GlobalSection(ProjectConfigurationPlatforms) = postSolution
		{22BBFD35-7DFC-40CA-816D-4C448A9BB474}.Debug|Any CPU.ActiveCfg = Debug|Any CPU
		{22BBFD35-7DFC-40CA-816D-4C448A9BB474}.Debug|Any CPU.Build.0 = Debug|Any CPU
		{22BBFD35-7DFC-40CA-816D-4C448A9BB474}.Release|Any CPU.ActiveCfg = Release|Any CPU
		{22BBFD35-7DFC-40CA-816D-4C448A9BB474}.Release|Any CPU.Build.0 = Release|Any CPU
	EndGlobalSection
	GlobalSection(SolutionProperties) = preSolution
		HideSolutionNode = FALSE
	EndGlobalSection
	GlobalSection(ExtensibilityGlobals) = postSolution
		SolutionGuid = {45EFBEDD-9B88-40FD-A6F6-A66AF944D316}
	EndGlobalSection
EndGlobal
